<Solution>
  <Folder Name="/benchmarks/">
    <Project Path="benchmarks/ArrowDbCore.Benchmarks.VersionComparison/ArrowDbCore.Benchmarks.VersionComparison.csproj" />
    <Project Path="benchmarks/ArrowDbCore.Benchmarks/ArrowDbCore.Benchmarks.csproj" />
  </Folder>
  <Folder Name="/src/">
    <Project Path="src/ArrowDbCore/ArrowDbCore.csproj" />
  </Folder>
  <Folder Name="/tests/">
    <Project Path="tests/ArrowDbCore.Tests.Analyzers/ArrowDbCore.Tests.Analyzers.csproj" />
    <Project Path="tests/ArrowDbCore.Tests.Common/ArrowDbCore.Tests.Common.csproj" />
    <Project Path="tests/ArrowDbCore.Tests.Integrity/ArrowDbCore.Tests.Integrity.csproj" />
    <Project Path="tests/ArrowDbCore.Tests.Unit.Isolated/ArrowDbCore.Tests.Unit.Isolated.csproj" />
    <Project Path="tests/ArrowDbCore.Tests.Unit/ArrowDbCore.Tests.Unit.csproj" />
  </Folder>
</Solution>
